name: "Flake.lock: update Nix dependencies"

on:
  push:
    branches:
      - main
    paths:
      - 'flake.nix'
  workflow_dispatch: # allows manual triggering

jobs:
  nix-flake-update:
    permissions:
      contents: write
      id-token: write
      issues: write
      pull-requests: write
    runs-on: ubuntu-latest
    steps:
      - uses: actions/checkout@v6
      - uses: DeterminateSystems/determinate-nix-action@v3
      - uses: DeterminateSystems/update-flake-lock@main
        with:
          pr-title: "Update Nix flake inputs"
          pr-labels: |
            dependencies
            automated
